
Microsoft Visual Studio Solution File, Format Version 12.00
# Visual Studio 2012
Project("{FAE04EC0-301F-11D3-BF4B-00C04F79EFBC}") = "reconocer mas", "reconocer mas\reconocer mas.csproj", "{411E1E33-51F4-4525-8631-BF15005DD718}"
EndProject
Global
	GlobalSection(SolutionConfigurationPlatforms) = preSolution
		Debug|Any CPU = Debug|Any CPU
		Release|Any CPU = Release|Any CPU
	EndGlobalSection
	GlobalSection(ProjectConfigurationPlatforms) = postSolution
		{411E1E33-51F4-4525-8631-BF15005DD718}.Debug|Any CPU.ActiveCfg = Debug|Any CPU
		{411E1E33-51F4-4525-8631-BF15005DD718}.Debug|Any CPU.Build.0 = Debug|Any CPU
		{411E1E33-51F4-4525-8631-BF15005DD718}.Release|Any CPU.ActiveCfg = Release|Any CPU
		{411E1E33-51F4-4525-8631-BF15005DD718}.Release|Any CPU.Build.0 = Release|Any CPU
	EndGlobalSection
	GlobalSection(SolutionProperties) = preSolution
		HideSolutionNode = FALSE
	EndGlobalSection
EndGlobal
